PODS:
  - Flutter (1.0.0)
  - flutter_ringtone_player (0.0.1):
    - Flutter
  - vibration (1.7.5):
    - Flutter

DEPENDENCIES:
  - Flutter (from `Flutter`)
  - flutter_ringtone_player (from `.symlinks/plugins/flutter_ringtone_player/ios`)
  - vibration (from `.symlinks/plugins/vibration/ios`)

EXTERNAL SOURCES:
  Flutter:
    :path: Flutter
  flutter_ringtone_player:
    :path: ".symlinks/plugins/flutter_ringtone_player/ios"
  vibration:
    :path: ".symlinks/plugins/vibration/ios"

SPEC CHECKSUMS:
  Flutter: cabc95a1d2626b1b06e7179b784ebcf0c0cde467
  flutter_ringtone_player: a77c42464250845611eaa44c27e8714acc800138
  vibration: 8e2f50fc35bb736f9eecb7dd9f7047fbb6a6e888

PODFILE CHECKSUM: ac6aa847c6392ad1a1ab06d483c368593e7f2324

COCOAPODS: 1.16.2
